
Microsoft Visual Studio Solution File, Format Version 12.00
# Visual Studio 14
VisualStudioVersion = 14.0.24720.0
MinimumVisualStudioVersion = 10.0.40219.1
Project("{FAE04EC0-301F-11D3-BF4B-00C04F79EFBC}") = "CreditCardInterestCalculator", "CreditCardInterestCalculator\CreditCardInterestCalculator.csproj", "{E1C93ACA-6A99-4105-9DAA-AE50F1B933D5}"
EndProject
Project("{FAE04EC0-301F-11D3-BF4B-00C04F79EFBC}") = "CreditCardInterestCalculator.Tests", "CreditCardInterestCalculator.Tests\CreditCardInterestCalculator.Tests.csproj", "{B77D5C24-94A2-4958-B3F2-9A5EF8D84BC7}"
EndProject
Global
	GlobalSection(SolutionConfigurationPlatforms) = preSolution
		Debug|Any CPU = Debug|Any CPU
		Release|Any CPU = Release|Any CPU
	EndGlobalSection
	GlobalSection(ProjectConfigurationPlatforms) = postSolution
		{E1C93ACA-6A99-4105-9DAA-AE50F1B933D5}.Debug|Any CPU.ActiveCfg = Debug|Any CPU
		{E1C93ACA-6A99-4105-9DAA-AE50F1B933D5}.Debug|Any CPU.Build.0 = Debug|Any CPU
		{E1C93ACA-6A99-4105-9DAA-AE50F1B933D5}.Release|Any CPU.ActiveCfg = Release|Any CPU
		{E1C93ACA-6A99-4105-9DAA-AE50F1B933D5}.Release|Any CPU.Build.0 = Release|Any CPU
		{B77D5C24-94A2-4958-B3F2-9A5EF8D84BC7}.Debug|Any CPU.ActiveCfg = Debug|Any CPU
		{B77D5C24-94A2-4958-B3F2-9A5EF8D84BC7}.Debug|Any CPU.Build.0 = Debug|Any CPU
		{B77D5C24-94A2-4958-B3F2-9A5EF8D84BC7}.Release|Any CPU.ActiveCfg = Release|Any CPU
		{B77D5C24-94A2-4958-B3F2-9A5EF8D84BC7}.Release|Any CPU.Build.0 = Release|Any CPU
	EndGlobalSection
	GlobalSection(SolutionProperties) = preSolution
		HideSolutionNode = FALSE
	EndGlobalSection
EndGlobal
